<?xml version="1.0" encoding="utf-8"?>
<Project ToolsVersion="4.0" xmlns="http://schemas.microsoft.com/developer/msbuild/2003">
  <ItemGroup>
    <Filter Include="Source Files">
      <UniqueIdentifier>{4FC737F1-C7A5-4376-A066-2A32D752A2FF}</UniqueIdentifier>
      <Extensions>cpp;c;cc;cxx;c++;cppm;ixx;def;odl;idl;hpj;bat;asm;asmx</Extensions>
    </Filter>
    <Filter Include="Header Files">
      <UniqueIdentifier>{93995380-89BD-4b04-88EB-625FBE52EBFB}</UniqueIdentifier>
      <Extensions>h;hh;hpp;hxx;h++;hm;inl;inc;ipp;xsd</Extensions>
    </Filter>
    <Filter Include="Resource Files">
      <UniqueIdentifier>{67DA6AB6-F800-4c08-8B7A-83BB121AAD01}</UniqueIdentifier>
      <Extensions>rc;ico;cur;bmp;dlg;rc2;rct;bin;rgs;gif;jpg;jpeg;jpe;resx;tiff;tif;png;wav;mfcribbon-ms</Extensions>
    </Filter>
    <Filter Include="Source Files\Render">
      <UniqueIdentifier>{8e9340dc-63c0-4924-9a7b-e3758de1ce17}</UniqueIdentifier>
    </Filter>
    <Filter Include="Header Files\Render">
      <UniqueIdentifier>{5e8e0e93-4aa6-4946-90cc-9b5bbc61b013}</UniqueIdentifier>
    </Filter>
    <Filter Include="Source Files\Linear_Algebra">
      <UniqueIdentifier>{36521c2c-3001-4861-950e-41d70afdfc4d}</UniqueIdentifier>
    </Filter>
    <Filter Include="Header Files\Linear_Algebra">
      <UniqueIdentifier>{ddf12dea-acb0-4e52-8d95-701bc5bd09ff}</UniqueIdentifier>
    </Filter>
    <Filter Include="Source Files\Math_Functions">
      <UniqueIdentifier>{0147fdf7-892f-40b6-9eb6-b7f874bb9937}</UniqueIdentifier>
    </Filter>
    <Filter Include="Header Files\Math_Functions">
      <UniqueIdentifier>{9f743803-2c91-479c-93b8-bde741590067}</UniqueIdentifier>
    </Filter>
    <Filter Include="Header Files\Geometry">
      <UniqueIdentifier>{34abd6e3-1f7f-4bda-957f-4e2ccef8b0a1}</UniqueIdentifier>
    </Filter>
    <Filter Include="Source Files\Geometry">
      <UniqueIdentifier>{f3a059d1-1314-436f-b90a-c3fa58e0c3dc}</UniqueIdentifier>
    </Filter>
    <Filter Include="Header Files\Utils">
      <UniqueIdentifier>{84b8dd25-99c8-4114-9544-80fecf887aaa}</UniqueIdentifier>
    </Filter>
    <Filter Include="Source Files\Utils">
      <UniqueIdentifier>{8e0afae2-fc66-45a1-b534-9dad18c2c908}</UniqueIdentifier>
    </Filter>
  </ItemGroup>
  <ItemGroup>
    <ClCompile Include="main.cpp">
      <Filter>Source Files</Filter>
    </ClCompile>
    <ClCompile Include="Graphics.cpp">
      <Filter>Source Files\Render</Filter>
    </ClCompile>
    <ClCompile Include="Shapes.cpp">
      <Filter>Source Files\Render</Filter>
    </ClCompile>
    <ClCompile Include="Vector2D.cpp">
      <Filter>Source Files\Linear_Algebra</Filter>
    </ClCompile>
    <ClCompile Include="Math.cpp">
      <Filter>Source Files\Math_Functions</Filter>
    </ClCompile>
    <ClCompile Include="Vertex.cpp">
      <Filter>Source Files\Geometry</Filter>
    </ClCompile>
    <ClCompile Include="Vector3D.cpp">
      <Filter>Source Files\Linear_Algebra</Filter>
    </ClCompile>
    <ClCompile Include="Color.cpp">
      <Filter>Source Files\Utils</Filter>
    </ClCompile>
  </ItemGroup>
  <ItemGroup>
    <ClInclude Include="Graphics.hpp">
      <Filter>Header Files\Render</Filter>
    </ClInclude>
    <ClInclude Include="Shapes.hpp">
      <Filter>Header Files\Render</Filter>
    </ClInclude>
    <ClInclude Include="Vector2D.hpp">
      <Filter>Header Files\Linear_Algebra</Filter>
    </ClInclude>
    <ClInclude Include="Math.hpp">
      <Filter>Header Files\Math_Functions</Filter>
    </ClInclude>
    <ClInclude Include="Vertex.hpp">
      <Filter>Header Files\Geometry</Filter>
    </ClInclude>
    <ClInclude Include="Vector3D.hpp">
      <Filter>Header Files\Linear_Algebra</Filter>
    </ClInclude>
    <ClInclude Include="Color.hpp">
      <Filter>Header Files\Utils</Filter>
    </ClInclude>
  </ItemGroup>
</Project>